
Microsoft Visual Studio Solution File, Format Version 12.00
# Visual Studio 2012
Project("{FAE04EC0-301F-11D3-BF4B-00C04F79EFBC}") = "Calor", "Calor\Calor.csproj", "{811EC921-9B28-4629-AEEA-0F6112195BB7}"
EndProject
Project("{FAE04EC0-301F-11D3-BF4B-00C04F79EFBC}") = "Calor.Tests", "Calor.Tests\Calor.Tests.csproj", "{2FF3C65D-F3A2-47BF-9640-9E9BD567E83E}"
EndProject
Global
	GlobalSection(SolutionConfigurationPlatforms) = preSolution
		Debug|Any CPU = Debug|Any CPU
		Release|Any CPU = Release|Any CPU
	EndGlobalSection
	GlobalSection(ProjectConfigurationPlatforms) = postSolution
		{811EC921-9B28-4629-AEEA-0F6112195BB7}.Debug|Any CPU.ActiveCfg = Debug|Any CPU
		{811EC921-9B28-4629-AEEA-0F6112195BB7}.Debug|Any CPU.Build.0 = Debug|Any CPU
		{811EC921-9B28-4629-AEEA-0F6112195BB7}.Release|Any CPU.ActiveCfg = Release|Any CPU
		{811EC921-9B28-4629-AEEA-0F6112195BB7}.Release|Any CPU.Build.0 = Release|Any CPU
		{2FF3C65D-F3A2-47BF-9640-9E9BD567E83E}.Debug|Any CPU.ActiveCfg = Debug|Any CPU
		{2FF3C65D-F3A2-47BF-9640-9E9BD567E83E}.Debug|Any CPU.Build.0 = Debug|Any CPU
		{2FF3C65D-F3A2-47BF-9640-9E9BD567E83E}.Release|Any CPU.ActiveCfg = Release|Any CPU
		{2FF3C65D-F3A2-47BF-9640-9E9BD567E83E}.Release|Any CPU.Build.0 = Release|Any CPU
	EndGlobalSection
	GlobalSection(SolutionProperties) = preSolution
		HideSolutionNode = FALSE
	EndGlobalSection
EndGlobal
